
Microsoft Visual Studio Solution File, Format Version 12.00
Project("{FAE04EC0-301F-11D3-BF4B-00C04F79EFBC}") = "Sensei.Domain", "Sensei.Domain\Sensei.Domain.csproj", "{8A23DD3E-362D-4DFD-9952-234EF0EE7093}"
EndProject
Project("{FAE04EC0-301F-11D3-BF4B-00C04F79EFBC}") = "Sensei.Reader", "Sensei.Reader\Sensei.Reader.csproj", "{D44B128C-1344-4B23-A50F-B528A3601D53}"
EndProject
Project("{FAE04EC0-301F-11D3-BF4B-00C04F79EFBC}") = "Sensei.Analyzer", "Sensei.Analyzer\Sensei.Analyzer.csproj", "{9EF6B426-F776-45BE-B2E7-165F4DF9F567}"
EndProject
Project("{2150E333-8FDC-42A3-9474-1A3956D46DE8}") = "Hexagon", "Hexagon", "{6F57541E-CF14-4AE1-AECC-4F460D5B953B}"
EndProject
Project("{FAE04EC0-301F-11D3-BF4B-00C04F79EFBC}") = "Sensei.Application", "Sensei.Application\Sensei.Application.csproj", "{8A22E2A8-4427-440D-829D-05D2BE4E3D5A}"
EndProject
Project("{2150E333-8FDC-42A3-9474-1A3956D46DE8}") = "Adapters", "Adapters", "{467B0980-D9CC-4DEE-A332-C1BAEC5B8FBD}"
EndProject
Global
	GlobalSection(SolutionConfigurationPlatforms) = preSolution
		Debug|Any CPU = Debug|Any CPU
		Release|Any CPU = Release|Any CPU
	EndGlobalSection
	GlobalSection(ProjectConfigurationPlatforms) = postSolution
		{8A23DD3E-362D-4DFD-9952-234EF0EE7093}.Debug|Any CPU.ActiveCfg = Debug|Any CPU
		{8A23DD3E-362D-4DFD-9952-234EF0EE7093}.Debug|Any CPU.Build.0 = Debug|Any CPU
		{8A23DD3E-362D-4DFD-9952-234EF0EE7093}.Release|Any CPU.ActiveCfg = Release|Any CPU
		{8A23DD3E-362D-4DFD-9952-234EF0EE7093}.Release|Any CPU.Build.0 = Release|Any CPU
		{D44B128C-1344-4B23-A50F-B528A3601D53}.Debug|Any CPU.ActiveCfg = Debug|Any CPU
		{D44B128C-1344-4B23-A50F-B528A3601D53}.Debug|Any CPU.Build.0 = Debug|Any CPU
		{D44B128C-1344-4B23-A50F-B528A3601D53}.Release|Any CPU.ActiveCfg = Release|Any CPU
		{D44B128C-1344-4B23-A50F-B528A3601D53}.Release|Any CPU.Build.0 = Release|Any CPU
		{9EF6B426-F776-45BE-B2E7-165F4DF9F567}.Debug|Any CPU.ActiveCfg = Debug|Any CPU
		{9EF6B426-F776-45BE-B2E7-165F4DF9F567}.Debug|Any CPU.Build.0 = Debug|Any CPU
		{9EF6B426-F776-45BE-B2E7-165F4DF9F567}.Release|Any CPU.ActiveCfg = Release|Any CPU
		{9EF6B426-F776-45BE-B2E7-165F4DF9F567}.Release|Any CPU.Build.0 = Release|Any CPU
		{8A22E2A8-4427-440D-829D-05D2BE4E3D5A}.Debug|Any CPU.ActiveCfg = Debug|Any CPU
		{8A22E2A8-4427-440D-829D-05D2BE4E3D5A}.Debug|Any CPU.Build.0 = Debug|Any CPU
		{8A22E2A8-4427-440D-829D-05D2BE4E3D5A}.Release|Any CPU.ActiveCfg = Release|Any CPU
		{8A22E2A8-4427-440D-829D-05D2BE4E3D5A}.Release|Any CPU.Build.0 = Release|Any CPU
	EndGlobalSection
	GlobalSection(NestedProjects) = preSolution
		{8A23DD3E-362D-4DFD-9952-234EF0EE7093} = {6F57541E-CF14-4AE1-AECC-4F460D5B953B}
		{8A22E2A8-4427-440D-829D-05D2BE4E3D5A} = {6F57541E-CF14-4AE1-AECC-4F460D5B953B}
		{9EF6B426-F776-45BE-B2E7-165F4DF9F567} = {467B0980-D9CC-4DEE-A332-C1BAEC5B8FBD}
		{D44B128C-1344-4B23-A50F-B528A3601D53} = {467B0980-D9CC-4DEE-A332-C1BAEC5B8FBD}
	EndGlobalSection
EndGlobal
